
Microsoft Visual Studio Solution File, Format Version 12.00
# Visual Studio Version 17
VisualStudioVersion = 17.12.35527.113 d17.12
MinimumVisualStudioVersion = 10.0.40219.1
Project("{FAE04EC0-301F-11D3-BF4B-00C04F79EFBC}") = "MailHub.Api", "MailHub.Api\MailHub.Api.csproj", "{10C5912C-7B2A-4BA0-9292-8CF7CA8A4BA8}"
EndProject
Project("{FAE04EC0-301F-11D3-BF4B-00C04F79EFBC}") = "MailHub.Application", "MailHub.Application\MailHub.Application.csproj", "{2DBB0320-9659-40A6-92D0-8981518984DF}"
EndProject
Project("{FAE04EC0-301F-11D3-BF4B-00C04F79EFBC}") = "MailHub.Domain", "MailHub.Domain\MailHub.Domain.csproj", "{07142631-9271-47F6-8EED-3D3A300FC3D3}"
EndProject
Project("{FAE04EC0-301F-11D3-BF4B-00C04F79EFBC}") = "MailHub.Infrastructure", "MailHub.Infrastructure\MailHub.Infrastructure.csproj", "{B064B550-4E32-4E34-901E-8EEFB11970FC}"
EndProject
Project("{FAE04EC0-301F-11D3-BF4B-00C04F79EFBC}") = "MailHub.Persistence", "MailHub.Persistence\MailHub.Persistence.csproj", "{CA07496E-43AB-4276-8EAD-36CDAB1620E3}"
EndProject
Global
	GlobalSection(SolutionConfigurationPlatforms) = preSolution
		Debug|Any CPU = Debug|Any CPU
		Release|Any CPU = Release|Any CPU
	EndGlobalSection
	GlobalSection(ProjectConfigurationPlatforms) = postSolution
		{10C5912C-7B2A-4BA0-9292-8CF7CA8A4BA8}.Debug|Any CPU.ActiveCfg = Debug|Any CPU
		{10C5912C-7B2A-4BA0-9292-8CF7CA8A4BA8}.Debug|Any CPU.Build.0 = Debug|Any CPU
		{10C5912C-7B2A-4BA0-9292-8CF7CA8A4BA8}.Release|Any CPU.ActiveCfg = Release|Any CPU
		{10C5912C-7B2A-4BA0-9292-8CF7CA8A4BA8}.Release|Any CPU.Build.0 = Release|Any CPU
		{2DBB0320-9659-40A6-92D0-8981518984DF}.Debug|Any CPU.ActiveCfg = Debug|Any CPU
		{2DBB0320-9659-40A6-92D0-8981518984DF}.Debug|Any CPU.Build.0 = Debug|Any CPU
		{2DBB0320-9659-40A6-92D0-8981518984DF}.Release|Any CPU.ActiveCfg = Release|Any CPU
		{2DBB0320-9659-40A6-92D0-8981518984DF}.Release|Any CPU.Build.0 = Release|Any CPU
		{07142631-9271-47F6-8EED-3D3A300FC3D3}.Debug|Any CPU.ActiveCfg = Debug|Any CPU
		{07142631-9271-47F6-8EED-3D3A300FC3D3}.Debug|Any CPU.Build.0 = Debug|Any CPU
		{07142631-9271-47F6-8EED-3D3A300FC3D3}.Release|Any CPU.ActiveCfg = Release|Any CPU
		{07142631-9271-47F6-8EED-3D3A300FC3D3}.Release|Any CPU.Build.0 = Release|Any CPU
		{B064B550-4E32-4E34-901E-8EEFB11970FC}.Debug|Any CPU.ActiveCfg = Debug|Any CPU
		{B064B550-4E32-4E34-901E-8EEFB11970FC}.Debug|Any CPU.Build.0 = Debug|Any CPU
		{B064B550-4E32-4E34-901E-8EEFB11970FC}.Release|Any CPU.ActiveCfg = Release|Any CPU
		{B064B550-4E32-4E34-901E-8EEFB11970FC}.Release|Any CPU.Build.0 = Release|Any CPU
		{CA07496E-43AB-4276-8EAD-36CDAB1620E3}.Debug|Any CPU.ActiveCfg = Debug|Any CPU
		{CA07496E-43AB-4276-8EAD-36CDAB1620E3}.Debug|Any CPU.Build.0 = Debug|Any CPU
		{CA07496E-43AB-4276-8EAD-36CDAB1620E3}.Release|Any CPU.ActiveCfg = Release|Any CPU
		{CA07496E-43AB-4276-8EAD-36CDAB1620E3}.Release|Any CPU.Build.0 = Release|Any CPU
	EndGlobalSection
	GlobalSection(SolutionProperties) = preSolution
		HideSolutionNode = FALSE
	EndGlobalSection
EndGlobal
